
Microsoft Visual Studio Solution File, Format Version 12.00
# Visual Studio Version 17
VisualStudioVersion = 17.0.31612.314
MinimumVisualStudioVersion = 10.0.40219.1
Project("{FAE04EC0-301F-11D3-BF4B-00C04F79EFBC}") = "MvcMovie", "MvcMovie\MvcMovie.csproj", "{0E3BE924-77D1-40CF-BBDD-5F67D09C7364}"
EndProject
Global
	GlobalSection(SolutionConfigurationPlatforms) = preSolution
		Debug|Any CPU = Debug|Any CPU
		Release|Any CPU = Release|Any CPU
	EndGlobalSection
	GlobalSection(ProjectConfigurationPlatforms) = postSolution
		{0E3BE924-77D1-40CF-BBDD-5F67D09C7364}.Debug|Any CPU.ActiveCfg = Debug|Any CPU
		{0E3BE924-77D1-40CF-BBDD-5F67D09C7364}.Debug|Any CPU.Build.0 = Debug|Any CPU
		{0E3BE924-77D1-40CF-BBDD-5F67D09C7364}.Release|Any CPU.ActiveCfg = Release|Any CPU
		{0E3BE924-77D1-40CF-BBDD-5F67D09C7364}.Release|Any CPU.Build.0 = Release|Any CPU
	EndGlobalSection
	GlobalSection(SolutionProperties) = preSolution
		HideSolutionNode = FALSE
	EndGlobalSection
	GlobalSection(ExtensibilityGlobals) = postSolution
		SolutionGuid = {D09EE951-17C9-4B5A-873F-AFF086E070CD}
	EndGlobalSection
EndGlobal
